
Microsoft Visual Studio Solution File, Format Version 12.00
# Visual Studio Version 16
VisualStudioVersion = 16.0.31129.286
MinimumVisualStudioVersion = 10.0.40219.1
Project("{9A19103F-16F7-4668-BE54-9A1E7A4F7556}") = "Exception", "Exception\Exception.csproj", "{F542442C-99F1-4B0F-9105-3840AC3816D1}"
EndProject
Project("{9A19103F-16F7-4668-BE54-9A1E7A4F7556}") = "Event", "Event\Event.csproj", "{3F4A234D-3AB8-4E21-99DE-D1A889696BBF}"
EndProject
Project("{FAE04EC0-301F-11D3-BF4B-00C04F79EFBC}") = "Interface", "Interface\Interface.csproj", "{247ABAC9-B335-48F6-9482-FA090E5AFF6A}"
EndProject
Global
	GlobalSection(SolutionConfigurationPlatforms) = preSolution
		Debug|Any CPU = Debug|Any CPU
		Release|Any CPU = Release|Any CPU
	EndGlobalSection
	GlobalSection(ProjectConfigurationPlatforms) = postSolution
		{F542442C-99F1-4B0F-9105-3840AC3816D1}.Debug|Any CPU.ActiveCfg = Debug|Any CPU
		{F542442C-99F1-4B0F-9105-3840AC3816D1}.Debug|Any CPU.Build.0 = Debug|Any CPU
		{F542442C-99F1-4B0F-9105-3840AC3816D1}.Release|Any CPU.ActiveCfg = Release|Any CPU
		{F542442C-99F1-4B0F-9105-3840AC3816D1}.Release|Any CPU.Build.0 = Release|Any CPU
		{3F4A234D-3AB8-4E21-99DE-D1A889696BBF}.Debug|Any CPU.ActiveCfg = Debug|Any CPU
		{3F4A234D-3AB8-4E21-99DE-D1A889696BBF}.Debug|Any CPU.Build.0 = Debug|Any CPU
		{3F4A234D-3AB8-4E21-99DE-D1A889696BBF}.Release|Any CPU.ActiveCfg = Release|Any CPU
		{3F4A234D-3AB8-4E21-99DE-D1A889696BBF}.Release|Any CPU.Build.0 = Release|Any CPU
		{247ABAC9-B335-48F6-9482-FA090E5AFF6A}.Debug|Any CPU.ActiveCfg = Debug|Any CPU
		{247ABAC9-B335-48F6-9482-FA090E5AFF6A}.Debug|Any CPU.Build.0 = Debug|Any CPU
		{247ABAC9-B335-48F6-9482-FA090E5AFF6A}.Release|Any CPU.ActiveCfg = Release|Any CPU
		{247ABAC9-B335-48F6-9482-FA090E5AFF6A}.Release|Any CPU.Build.0 = Release|Any CPU
	EndGlobalSection
	GlobalSection(SolutionProperties) = preSolution
		HideSolutionNode = FALSE
	EndGlobalSection
	GlobalSection(ExtensibilityGlobals) = postSolution
		SolutionGuid = {6FCB0845-A695-49F5-9061-BB6FB8568CB7}
	EndGlobalSection
EndGlobal
